
Microsoft Visual Studio Solution File, Format Version 12.00
# Visual Studio Version 16
VisualStudioVersion = 16.0.30114.105
MinimumVisualStudioVersion = 10.0.40219.1
Project("{FAE04EC0-301F-11D3-BF4B-00C04F79EFBC}") = "VicSind.Feather.Launcher", "Updater\VicSind.Feather.Launcher.csproj", "{4CEC1790-2582-4133-96A5-83584AAC12E8}"
EndProject
Global
	GlobalSection(SolutionConfigurationPlatforms) = preSolution
		Debug|Any CPU = Debug|Any CPU
		Release|Any CPU = Release|Any CPU
	EndGlobalSection
	GlobalSection(ProjectConfigurationPlatforms) = postSolution
		{4CEC1790-2582-4133-96A5-83584AAC12E8}.Debug|Any CPU.ActiveCfg = Debug|Any CPU
		{4CEC1790-2582-4133-96A5-83584AAC12E8}.Debug|Any CPU.Build.0 = Debug|Any CPU
		{4CEC1790-2582-4133-96A5-83584AAC12E8}.Release|Any CPU.ActiveCfg = Release|Any CPU
		{4CEC1790-2582-4133-96A5-83584AAC12E8}.Release|Any CPU.Build.0 = Release|Any CPU
	EndGlobalSection
	GlobalSection(SolutionProperties) = preSolution
		HideSolutionNode = FALSE
	EndGlobalSection
	GlobalSection(ExtensibilityGlobals) = postSolution
		SolutionGuid = {C46EB729-70FA-4D39-A75C-950E30B2D093}
	EndGlobalSection
EndGlobal
